// !$*UTF8*$!
{
	archiveVersion = 1;
	classes = {
	};
	objectVersion = 46;
	objects = {

/* Begin PBXBuildFile section */
		40635051195FF8A6003FEA09 /* Foundation.framework in Frameworks */ = {isa = PBXBuildFile; fileRef = 40635050195FF8A6003FEA09 /* Foundation.framework */; };
		40635053195FF8A6003FEA09 /* CoreGraphics.framework in Frameworks */ = {isa = PBXBuildFile; fileRef = 40635052195FF8A6003FEA09 /* CoreGraphics.framework */; };
		40635055195FF8A6003FEA09 /* UIKit.framework in Frameworks */ = {isa = PBXBuildFile; fileRef = 40635054195FF8A6003FEA09 /* UIKit.framework */; };
		4063505B195FF8A6003FEA09 /* InfoPlist.strings in Resources */ = {isa = PBXBuildFile; fileRef = 40635059195FF8A6003FEA09 /* InfoPlist.strings */; };
		4063505D195FF8A6003FEA09 /* main.m in Sources */ = {isa = PBXBuildFile; fileRef = 4063505C195FF8A6003FEA09 /* main.m */; };
		40635061195FF8A6003FEA09 /* ZZAppDelegate.m in Sources */ = {isa = PBXBuildFile; fileRef = 40635060195FF8A6003FEA09 /* ZZAppDelegate.m */; };
		40635064195FF8A6003FEA09 /* Main_iPhone.storyboard in Resources */ = {isa = PBXBuildFile; fileRef = 40635062195FF8A6003FEA09 /* Main_iPhone.storyboard */; };
		40635067195FF8A6003FEA09 /* Main_iPad.storyboard in Resources */ = {isa = PBXBuildFile; fileRef = 40635065195FF8A6003FEA09 /* Main_iPad.storyboard */; };
		4063506A195FF8A6003FEA09 /* ZZMasterViewController.m in Sources */ = {isa = PBXBuildFile; fileRef = 40635069195FF8A6003FEA09 /* ZZMasterViewController.m */; };
		4063506D195FF8A6003FEA09 /* ZZDetailViewController.m in Sources */ = {isa = PBXBuildFile; fileRef = 4063506C195FF8A6003FEA09 /* ZZDetailViewController.m */; };
		4063506F195FF8A6003FEA09 /* Images.xcassets in Resources */ = {isa = PBXBuildFile; fileRef = 4063506E195FF8A6003FEA09 /* Images.xcassets */; };
		40635076195FF8A6003FEA09 /* XCTest.framework in Frameworks */ = {isa = PBXBuildFile; fileRef = 40635075195FF8A6003FEA09 /* XCTest.framework */; };
		40635077195FF8A6003FEA09 /* Foundation.framework in Frameworks */ = {isa = PBXBuildFile; fileRef = 40635050195FF8A6003FEA09 /* Foundation.framework */; };
		40635078195FF8A6003FEA09 /* UIKit.framework in Frameworks */ = {isa = PBXBuildFile; fileRef = 40635054195FF8A6003FEA09 /* UIKit.framework */; };
		40635080195FF8A6003FEA09 /* InfoPlist.strings in Resources */ = {isa = PBXBuildFile; fileRef = 4063507E195FF8A6003FEA09 /* InfoPlist.strings */; };
		40635082195FF8A6003FEA09 /* WWDC2014_221Tests.m in Sources */ = {isa = PBXBuildFile; fileRef = 40635081195FF8A6003FEA09 /* WWDC2014_221Tests.m */; };
		4063508E195FFC87003FEA09 /* ZZSpringViewController.m in Sources */ = {isa = PBXBuildFile; fileRef = 4063508D195FFC87003FEA09 /* ZZSpringViewController.m */; };
		40D8BBD9196052D2003B7506 /* ZZTestAction.m in Sources */ = {isa = PBXBuildFile; fileRef = 40D8BBD8196052D2003B7506 /* ZZTestAction.m */; };
		40D8BBDC19605389003B7506 /* ZZTestView.m in Sources */ = {isa = PBXBuildFile; fileRef = 40D8BBDB19605389003B7506 /* ZZTestView.m */; };
		40D8BBDF196053F9003B7506 /* ZZAnimationViewController.m in Sources */ = {isa = PBXBuildFile; fileRef = 40D8BBDE196053F9003B7506 /* ZZAnimationViewController.m */; };
		52B3464619613F2E00370E66 /* ZZShapeViewController.m in Sources */ = {isa = PBXBuildFile; fileRef = 52B3464519613F2E00370E66 /* ZZShapeViewController.m */; };
/* End PBXBuildFile section */

/* Begin PBXContainerItemProxy section */
		40635079195FF8A6003FEA09 /* PBXContainerItemProxy */ = {
			isa = PBXContainerItemProxy;
			containerPortal = 40635045195FF8A6003FEA09 /* Project object */;
			proxyType = 1;
			remoteGlobalIDString = 4063504C195FF8A6003FEA09;
			remoteInfo = WWDC2014_221;
		};
/* End PBXContainerItemProxy section */

/* Begin PBXFileReference section */
		4063504D195FF8A6003FEA09 /* WWDC2014_221.app */ = {isa = PBXFileReference; explicitFileType = wrapper.application; includeInIndex = 0; path = WWDC2014_221.app; sourceTree = BUILT_PRODUCTS_DIR; };
		40635050195FF8A6003FEA09 /* Foundation.framework */ = {isa = PBXFileReference; lastKnownFileType = wrapper.framework; name = Foundation.framework; path = System/Library/Frameworks/Foundation.framework; sourceTree = SDKROOT; };
		40635052195FF8A6003FEA09 /* CoreGraphics.framework */ = {isa = PBXFileReference; lastKnownFileType = wrapper.framework; name = CoreGraphics.framework; path = System/Library/Frameworks/CoreGraphics.framework; sourceTree = SDKROOT; };
		40635054195FF8A6003FEA09 /* UIKit.framework */ = {isa = PBXFileReference; lastKnownFileType = wrapper.framework; name = UIKit.framework; path = System/Library/Frameworks/UIKit.framework; sourceTree = SDKROOT; };
		40635058195FF8A6003FEA09 /* WWDC2014_221-Info.plist */ = {isa = PBXFileReference; lastKnownFileType = text.plist.xml; path = "WWDC2014_221-Info.plist"; sourceTree = "<group>"; };
		4063505A195FF8A6003FEA09 /* en */ = {isa = PBXFileReference; lastKnownFileType = text.plist.strings; name = en; path = en.lproj/InfoPlist.strings; sourceTree = "<group>"; };
		4063505C195FF8A6003FEA09 /* main.m */ = {isa = PBXFileReference; lastKnownFileType = sourcecode.c.objc; path = main.m; sourceTree = "<group>"; };
		4063505E195FF8A6003FEA09 /* WWDC2014_221-Prefix.pch */ = {isa = PBXFileReference; lastKnownFileType = sourcecode.c.h; path = "WWDC2014_221-Prefix.pch"; sourceTree = "<group>"; };
		4063505F195FF8A6003FEA09 /* ZZAppDelegate.h */ = {isa = PBXFileReference; lastKnownFileType = sourcecode.c.h; path = ZZAppDelegate.h; sourceTree = "<group>"; };
		40635060195FF8A6003FEA09 /* ZZAppDelegate.m */ = {isa = PBXFileReference; lastKnownFileType = sourcecode.c.objc; path = ZZAppDelegate.m; sourceTree = "<group>"; };
		40635063195FF8A6003FEA09 /* Base */ = {isa = PBXFileReference; lastKnownFileType = file.storyboard; name = Base; path = Base.lproj/Main_iPhone.storyboard; sourceTree = "<group>"; };
		40635066195FF8A6003FEA09 /* Base */ = {isa = PBXFileReference; lastKnownFileType = file.storyboard; name = Base; path = Base.lproj/Main_iPad.storyboard; sourceTree = "<group>"; };
		40635068195FF8A6003FEA09 /* ZZMasterViewController.h */ = {isa = PBXFileReference; lastKnownFileType = sourcecode.c.h; path = ZZMasterViewController.h; sourceTree = "<group>"; };
		40635069195FF8A6003FEA09 /* ZZMasterViewController.m */ = {isa = PBXFileReference; lastKnownFileType = sourcecode.c.objc; path = ZZMasterViewController.m; sourceTree = "<group>"; };
		4063506B195FF8A6003FEA09 /* ZZDetailViewController.h */ = {isa = PBXFileReference; lastKnownFileType = sourcecode.c.h; path = ZZDetailViewController.h; sourceTree = "<group>"; };
		4063506C195FF8A6003FEA09 /* ZZDetailViewController.m */ = {isa = PBXFileReference; lastKnownFileType = sourcecode.c.objc; path = ZZDetailViewController.m; sourceTree = "<group>"; };
		4063506E195FF8A6003FEA09 /* Images.xcassets */ = {isa = PBXFileReference; lastKnownFileType = folder.assetcatalog; path = Images.xcassets; sourceTree = "<group>"; };
		40635074195FF8A6003FEA09 /* WWDC2014_221Tests.xctest */ = {isa = PBXFileReference; explicitFileType = wrapper.cfbundle; includeInIndex = 0; path = WWDC2014_221Tests.xctest; sourceTree = BUILT_PRODUCTS_DIR; };
		40635075195FF8A6003FEA09 /* XCTest.framework */ = {isa = PBXFileReference; lastKnownFileType = wrapper.framework; name = XCTest.framework; path = Library/Frameworks/XCTest.framework; sourceTree = DEVELOPER_DIR; };
		4063507D195FF8A6003FEA09 /* WWDC2014_221Tests-Info.plist */ = {isa = PBXFileReference; lastKnownFileType = text.plist.xml; path = "WWDC2014_221Tests-Info.plist"; sourceTree = "<group>"; };
		4063507F195FF8A6003FEA09 /* en */ = {isa = PBXFileReference; lastKnownFileType = text.plist.strings; name = en; path = en.lproj/InfoPlist.strings; sourceTree = "<group>"; };
		40635081195FF8A6003FEA09 /* WWDC2014_221Tests.m */ = {isa = PBXFileReference; lastKnownFileType = sourcecode.c.objc; path = WWDC2014_221Tests.m; sourceTree = "<group>"; };
		4063508C195FFC87003FEA09 /* ZZSpringViewController.h */ = {isa = PBXFileReference; fileEncoding = 4; lastKnownFileType = sourcecode.c.h; path = ZZSpringViewController.h; sourceTree = "<group>"; };
		4063508D195FFC87003FEA09 /* ZZSpringViewController.m */ = {isa = PBXFileReference; fileEncoding = 4; lastKnownFileType = sourcecode.c.objc; path = ZZSpringViewController.m; sourceTree = "<group>"; };
		40D8BBD7196052D2003B7506 /* ZZTestAction.h */ = {isa = PBXFileReference; fileEncoding = 4; lastKnownFileType = sourcecode.c.h; path = ZZTestAction.h; sourceTree = "<group>"; };
		40D8BBD8196052D2003B7506 /* ZZTestAction.m */ = {isa = PBXFileReference; fileEncoding = 4; lastKnownFileType = sourcecode.c.objc; path = ZZTestAction.m; sourceTree = "<group>"; };
		40D8BBDA19605389003B7506 /* ZZTestView.h */ = {isa = PBXFileReference; fileEncoding = 4; lastKnownFileType = sourcecode.c.h; path = ZZTestView.h; sourceTree = "<group>"; };
		40D8BBDB19605389003B7506 /* ZZTestView.m */ = {isa = PBXFileReference; fileEncoding = 4; lastKnownFileType = sourcecode.c.objc; path = ZZTestView.m; sourceTree = "<group>"; };
		40D8BBDD196053F9003B7506 /* ZZAnimationViewController.h */ = {isa = PBXFileReference; fileEncoding = 4; lastKnownFileType = sourcecode.c.h; path = ZZAnimationViewController.h; sourceTree = "<group>"; };
		40D8BBDE196053F9003B7506 /* ZZAnimationViewController.m */ = {isa = PBXFileReference; fileEncoding = 4; lastKnownFileType = sourcecode.c.objc; path = ZZAnimationViewController.m; sourceTree = "<group>"; };
		52B3464419613F2E00370E66 /* ZZShapeViewController.h */ = {isa = PBXFileReference; fileEncoding = 4; lastKnownFileType = sourcecode.c.h; path = ZZShapeViewController.h; sourceTree = "<group>"; };
		52B3464519613F2E00370E66 /* ZZShapeViewController.m */ = {isa = PBXFileReference; fileEncoding = 4; lastKnownFileType = sourcecode.c.objc; path = ZZShapeViewController.m; sourceTree = "<group>"; };
/* End PBXFileReference section */

/* Begin PBXFrameworksBuildPhase section */
		4063504A195FF8A6003FEA09 /* Frameworks */ = {
			isa = PBXFrameworksBuildPhase;
			buildActionMask = 2147483647;
			files = (
				40635053195FF8A6003FEA09 /* CoreGraphics.framework in Frameworks */,
				40635055195FF8A6003FEA09 /* UIKit.framework in Frameworks */,
				40635051195FF8A6003FEA09 /* Foundation.framework in Frameworks */,
			);
			runOnlyForDeploymentPostprocessing = 0;
		};
		40635071195FF8A6003FEA09 /* Frameworks */ = {
			isa = PBXFrameworksBuildPhase;
			buildActionMask = 2147483647;
			files = (
				40635076195FF8A6003FEA09 /* XCTest.framework in Frameworks */,
				40635078195FF8A6003FEA09 /* UIKit.framework in Frameworks */,
				40635077195FF8A6003FEA09 /* Foundation.framework in Frameworks */,
			);
			runOnlyForDeploymentPostprocessing = 0;
		};
/* End PBXFrameworksBuildPhase section */

/* Begin PBXGroup section */
		40635044195FF8A6003FEA09 = {
			isa = PBXGroup;
			children = (
				40635056195FF8A6003FEA09 /* WWDC2014_221 */,
				4063507B195FF8A6003FEA09 /* WWDC2014_221Tests */,
				4063504F195FF8A6003FEA09 /* Frameworks */,
				4063504E195FF8A6003FEA09 /* Products */,
			);
			sourceTree = "<group>";
		};
		4063504E195FF8A6003FEA09 /* Products */ = {
			isa = PBXGroup;
			children = (
				4063504D195FF8A6003FEA09 /* WWDC2014_221.app */,
				40635074195FF8A6003FEA09 /* WWDC2014_221Tests.xctest */,
			);
			name = Products;
			sourceTree = "<group>";
		};
		4063504F195FF8A6003FEA09 /* Frameworks */ = {
			isa = PBXGroup;
			children = (
				40635050195FF8A6003FEA09 /* Foundation.framework */,
				40635052195FF8A6003FEA09 /* CoreGraphics.framework */,
				40635054195FF8A6003FEA09 /* UIKit.framework */,
				40635075195FF8A6003FEA09 /* XCTest.framework */,
			);
			name = Frameworks;
			sourceTree = "<group>";
		};
		40635056195FF8A6003FEA09 /* WWDC2014_221 */ = {
			isa = PBXGroup;
			children = (
				4063508B195FFC72003FEA09 /* viewController */,
				4063505F195FF8A6003FEA09 /* ZZAppDelegate.h */,
				40635060195FF8A6003FEA09 /* ZZAppDelegate.m */,
				40635062195FF8A6003FEA09 /* Main_iPhone.storyboard */,
				40635065195FF8A6003FEA09 /* Main_iPad.storyboard */,
				40635068195FF8A6003FEA09 /* ZZMasterViewController.h */,
				40635069195FF8A6003FEA09 /* ZZMasterViewController.m */,
				4063506B195FF8A6003FEA09 /* ZZDetailViewController.h */,
				4063506C195FF8A6003FEA09 /* ZZDetailViewController.m */,
				4063506E195FF8A6003FEA09 /* Images.xcassets */,
				40635057195FF8A6003FEA09 /* Supporting Files */,
			);
			path = WWDC2014_221;
			sourceTree = "<group>";
		};
		40635057195FF8A6003FEA09 /* Supporting Files */ = {
			isa = PBXGroup;
			children = (
				40635058195FF8A6003FEA09 /* WWDC2014_221-Info.plist */,
				40635059195FF8A6003FEA09 /* InfoPlist.strings */,
				4063505C195FF8A6003FEA09 /* main.m */,
				4063505E195FF8A6003FEA09 /* WWDC2014_221-Prefix.pch */,
			);
			name = "Supporting Files";
			sourceTree = "<group>";
		};
		4063507B195FF8A6003FEA09 /* WWDC2014_221Tests */ = {
			isa = PBXGroup;
			children = (
				40635081195FF8A6003FEA09 /* WWDC2014_221Tests.m */,
				4063507C195FF8A6003FEA09 /* Supporting Files */,
			);
			path = WWDC2014_221Tests;
			sourceTree = "<group>";
		};
		4063507C195FF8A6003FEA09 /* Supporting Files */ = {
			isa = PBXGroup;
			children = (
				4063507D195FF8A6003FEA09 /* WWDC2014_221Tests-Info.plist */,
				4063507E195FF8A6003FEA09 /* InfoPlist.strings */,
			);
			name = "Supporting Files";
			sourceTree = "<group>";
		};
		4063508B195FFC72003FEA09 /* viewController */ = {
			isa = PBXGroup;
			children = (
				4063508C195FFC87003FEA09 /* ZZSpringViewController.h */,
				4063508D195FFC87003FEA09 /* ZZSpringViewController.m */,
				40D8BBD7196052D2003B7506 /* ZZTestAction.h */,
				40D8BBD8196052D2003B7506 /* ZZTestAction.m */,
				40D8BBDA19605389003B7506 /* ZZTestView.h */,
				40D8BBDB19605389003B7506 /* ZZTestView.m */,
				40D8BBDD196053F9003B7506 /* ZZAnimationViewController.h */,
				40D8BBDE196053F9003B7506 /* ZZAnimationViewController.m */,
				52B3464419613F2E00370E66 /* ZZShapeViewController.h */,
				52B3464519613F2E00370E66 /* ZZShapeViewController.m */,
			);
			name = viewController;
			sourceTree = "<group>";
		};
/* End PBXGroup section */

/* Begin PBXNativeTarget section */
		4063504C195FF8A6003FEA09 /* WWDC2014_221 */ = {
			isa = PBXNativeTarget;
			buildConfigurationList = 40635085195FF8A6003FEA09 /* Build configuration list for PBXNativeTarget "WWDC2014_221" */;
			buildPhases = (
				40635049195FF8A6003FEA09 /* Sources */,
				4063504A195FF8A6003FEA09 /* Frameworks */,
				4063504B195FF8A6003FEA09 /* Resources */,
			);
			buildRules = (
			);
			dependencies = (
			);
			name = WWDC2014_221;
			productName = WWDC2014_221;
			productReference = 4063504D195FF8A6003FEA09 /* WWDC2014_221.app */;
			productType = "com.apple.product-type.application";
		};
		40635073195FF8A6003FEA09 /* WWDC2014_221Tests */ = {
			isa = PBXNativeTarget;
			buildConfigurationList = 40635088195FF8A6003FEA09 /* Build configuration list for PBXNativeTarget "WWDC2014_221Tests" */;
			buildPhases = (
				40635070195FF8A6003FEA09 /* Sources */,
				40635071195FF8A6003FEA09 /* Frameworks */,
				40635072195FF8A6003FEA09 /* Resources */,
			);
			buildRules = (
			);
			dependencies = (
				4063507A195FF8A6003FEA09 /* PBXTargetDependency */,
			);
			name = WWDC2014_221Tests;
			productName = WWDC2014_221Tests;
			productReference = 40635074195FF8A6003FEA09 /* WWDC2014_221Tests.xctest */;
			productType = "com.apple.product-type.bundle.unit-test";
		};
/* End PBXNativeTarget section */

/* Begin PBXProject section */
		40635045195FF8A6003FEA09 /* Project object */ = {
			isa = PBXProject;
			attributes = {
				CLASSPREFIX = ZZ;
				LastUpgradeCheck = 0510;
				ORGANIZATIONNAME = "Ch J";
				TargetAttributes = {
					40635073195FF8A6003FEA09 = {
						TestTargetID = 4063504C195FF8A6003FEA09;
					};
				};
			};
			buildConfigurationList = 40635048195FF8A6003FEA09 /* Build configuration list for PBXProject "WWDC2014_221" */;
			compatibilityVersion = "Xcode 3.2";
			developmentRegion = English;
			hasScannedForEncodings = 0;
			knownRegions = (
				en,
				Base,
			);
			mainGroup = 40635044195FF8A6003FEA09;
			productRefGroup = 4063504E195FF8A6003FEA09 /* Products */;
			projectDirPath = "";
			projectRoot = "";
			targets = (
				4063504C195FF8A6003FEA09 /* WWDC2014_221 */,
				40635073195FF8A6003FEA09 /* WWDC2014_221Tests */,
			);
		};
/* End PBXProject section */

/* Begin PBXResourcesBuildPhase section */
		4063504B195FF8A6003FEA09 /* Resources */ = {
			isa = PBXResourcesBuildPhase;
			buildActionMask = 2147483647;
			files = (
				40635067195FF8A6003FEA09 /* Main_iPad.storyboard in Resources */,
				4063506F195FF8A6003FEA09 /* Images.xcassets in Resources */,
				40635064195FF8A6003FEA09 /* Main_iPhone.storyboard in Resources */,
				4063505B195FF8A6003FEA09 /* InfoPlist.strings in Resources */,
			);
			runOnlyForDeploymentPostprocessing = 0;
		};
		40635072195FF8A6003FEA09 /* Resources */ = {
			isa = PBXResourcesBuildPhase;
			buildActionMask = 2147483647;
			files = (
				40635080195FF8A6003FEA09 /* InfoPlist.strings in Resources */,
			);
			runOnlyForDeploymentPostprocessing = 0;
		};
/* End PBXResourcesBuildPhase section */

/* Begin PBXSourcesBuildPhase section */
		40635049195FF8A6003FEA09 /* Sources */ = {
			isa = PBXSourcesBuildPhase;
			buildActionMask = 2147483647;
			files = (
				52B3464619613F2E00370E66 /* ZZShapeViewController.m in Sources */,
				4063506A195FF8A6003FEA09 /* ZZMasterViewController.m in Sources */,
				40D8BBDF196053F9003B7506 /* ZZAnimationViewController.m in Sources */,
				4063506D195FF8A6003FEA09 /* ZZDetailViewController.m in Sources */,
				40635061195FF8A6003FEA09 /* ZZAppDelegate.m in Sources */,
				40D8BBDC19605389003B7506 /* ZZTestView.m in Sources */,
				40D8BBD9196052D2003B7506 /* ZZTestAction.m in Sources */,
				4063505D195FF8A6003FEA09 /* main.m in Sources */,
				4063508E195FFC87003FEA09 /* ZZSpringViewController.m in Sources */,
			);
			runOnlyForDeploymentPostprocessing = 0;
		};
		40635070195FF8A6003FEA09 /* Sources */ = {
			isa = PBXSourcesBuildPhase;
			buildActionMask = 2147483647;
			files = (
				40635082195FF8A6003FEA09 /* WWDC2014_221Tests.m in Sources */,
			);
			runOnlyForDeploymentPostprocessing = 0;
		};
/* End PBXSourcesBuildPhase section */

/* Begin PBXTargetDependency section */
		4063507A195FF8A6003FEA09 /* PBXTargetDependency */ = {
			isa = PBXTargetDependency;
			target = 4063504C195FF8A6003FEA09 /* WWDC2014_221 */;
			targetProxy = 40635079195FF8A6003FEA09 /* PBXContainerItemProxy */;
		};
/* End PBXTargetDependency section */

/* Begin PBXVariantGroup section */
		40635059195FF8A6003FEA09 /* InfoPlist.strings */ = {
			isa = PBXVariantGroup;
			children = (
				4063505A195FF8A6003FEA09 /* en */,
			);
			name = InfoPlist.strings;
			sourceTree = "<group>";
		};
		40635062195FF8A6003FEA09 /* Main_iPhone.storyboard */ = {
			isa = PBXVariantGroup;
			children = (
				40635063195FF8A6003FEA09 /* Base */,
			);
			name = Main_iPhone.storyboard;
			sourceTree = "<group>";
		};
		40635065195FF8A6003FEA09 /* Main_iPad.storyboard */ = {
			isa = PBXVariantGroup;
			children = (
				40635066195FF8A6003FEA09 /* Base */,
			);
			name = Main_iPad.storyboard;
			sourceTree = "<group>";
		};
		4063507E195FF8A6003FEA09 /* InfoPlist.strings */ = {
			isa = PBXVariantGroup;
			children = (
				4063507F195FF8A6003FEA09 /* en */,
			);
			name = InfoPlist.strings;
			sourceTree = "<group>";
		};
/* End PBXVariantGroup section */

/* Begin XCBuildConfiguration section */
		40635083195FF8A6003FEA09 /* Debug */ = {
			isa = XCBuildConfiguration;
			buildSettings = {
				ALWAYS_SEARCH_USER_PATHS = NO;
				CLANG_CXX_LANGUAGE_STANDARD = "gnu++0x";
				CLANG_CXX_LIBRARY = "libc++";
				CLANG_ENABLE_MODULES = YES;
				CLANG_ENABLE_OBJC_ARC = YES;
				CLANG_WARN_BOOL_CONVERSION = YES;
				CLANG_WARN_CONSTANT_CONVERSION = YES;
				CLANG_WARN_DIRECT_OBJC_ISA_USAGE = YES_ERROR;
				CLANG_WARN_EMPTY_BODY = YES;
				CLANG_WARN_ENUM_CONVERSION = YES;
				CLANG_WARN_INT_CONVERSION = YES;
				CLANG_WARN_OBJC_ROOT_CLASS = YES_ERROR;
				CLANG_WARN__DUPLICATE_METHOD_MATCH = YES;
				"CODE_SIGN_IDENTITY[sdk=iphoneos*]" = "iPhone Developer";
				COPY_PHASE_STRIP = NO;
				GCC_C_LANGUAGE_STANDARD = gnu99;
				GCC_DYNAMIC_NO_PIC = NO;
				GCC_OPTIMIZATION_LEVEL = 0;
				GCC_PREPROCESSOR_DEFINITIONS = (
					"DEBUG=1",
					"$(inherited)",
				);
				GCC_SYMBOLS_PRIVATE_EXTERN = NO;
				GCC_WARN_64_TO_32_BIT_CONVERSION = YES;
				GCC_WARN_ABOUT_RETURN_TYPE = YES_ERROR;
				GCC_WARN_UNDECLARED_SELECTOR = YES;
				GCC_WARN_UNINITIALIZED_AUTOS = YES_AGGRESSIVE;
				GCC_WARN_UNUSED_FUNCTION = YES;
				GCC_WARN_UNUSED_VARIABLE = YES;
				IPHONEOS_DEPLOYMENT_TARGET = 7.1;
				ONLY_ACTIVE_ARCH = YES;
				SDKROOT = iphoneos;
				TARGETED_DEVICE_FAMILY = "1,2";
			};
			name = Debug;
		};
		40635084195FF8A6003FEA09 /* Release */ = {
			isa = XCBuildConfiguration;
			buildSettings = {
				ALWAYS_SEARCH_USER_PATHS = NO;
				CLANG_CXX_LANGUAGE_STANDARD = "gnu++0x";
				CLANG_CXX_LIBRARY = "libc++";
				CLANG_ENABLE_MODULES = YES;
				CLANG_ENABLE_OBJC_ARC = YES;
				CLANG_WARN_BOOL_CONVERSION = YES;
				CLANG_WARN_CONSTANT_CONVERSION = YES;
				CLANG_WARN_DIRECT_OBJC_ISA_USAGE = YES_ERROR;
				CLANG_WARN_EMPTY_BODY = YES;
				CLANG_WARN_ENUM_CONVERSION = YES;
				CLANG_WARN_INT_CONVERSION = YES;
				CLANG_WARN_OBJC_ROOT_CLASS = YES_ERROR;
				CLANG_WARN__DUPLICATE_METHOD_MATCH = YES;
				"CODE_SIGN_IDENTITY[sdk=iphoneos*]" = "iPhone Developer";
				COPY_PHASE_STRIP = YES;
				ENABLE_NS_ASSERTIONS = NO;
				GCC_C_LANGUAGE_STANDARD = gnu99;
				GCC_WARN_64_TO_32_BIT_CONVERSION = YES;
				GCC_WARN_ABOUT_RETURN_TYPE = YES_ERROR;
				GCC_WARN_UNDECLARED_SELECTOR = YES;
				GCC_WARN_UNINITIALIZED_AUTOS = YES_AGGRESSIVE;
				GCC_WARN_UNUSED_FUNCTION = YES;
				GCC_WARN_UNUSED_VARIABLE = YES;
				IPHONEOS_DEPLOYMENT_TARGET = 7.1;
				SDKROOT = iphoneos;
				TARGETED_DEVICE_FAMILY = "1,2";
				VALIDATE_PRODUCT = YES;
			};
			name = Release;
		};
		40635086195FF8A6003FEA09 /* Debug */ = {
			isa = XCBuildConfiguration;
			buildSettings = {
				ASSETCATALOG_COMPILER_APPICON_NAME = AppIcon;
				ASSETCATALOG_COMPILER_LAUNCHIMAGE_NAME = LaunchImage;
				GCC_PRECOMPILE_PREFIX_HEADER = YES;
				GCC_PREFIX_HEADER = "WWDC2014_221/WWDC2014_221-Prefix.pch";
				INFOPLIST_FILE = "WWDC2014_221/WWDC2014_221-Info.plist";
				IPHONEOS_DEPLOYMENT_TARGET = 7.0;
				PRODUCT_NAME = "$(TARGET_NAME)";
				WRAPPER_EXTENSION = app;
			};
			name = Debug;
		};
		40635087195FF8A6003FEA09 /* Release */ = {
			isa = XCBuildConfiguration;
			buildSettings = {
				ASSETCATALOG_COMPILER_APPICON_NAME = AppIcon;
				ASSETCATALOG_COMPILER_LAUNCHIMAGE_NAME = LaunchImage;
				GCC_PRECOMPILE_PREFIX_HEADER = YES;
				GCC_PREFIX_HEADER = "WWDC2014_221/WWDC2014_221-Prefix.pch";
				INFOPLIST_FILE = "WWDC2014_221/WWDC2014_221-Info.plist";
				IPHONEOS_DEPLOYMENT_TARGET = 7.0;
				PRODUCT_NAME = "$(TARGET_NAME)";
				WRAPPER_EXTENSION = app;
			};
			name = Release;
		};
		40635089195FF8A6003FEA09 /* Debug */ = {
			isa = XCBuildConfiguration;
			buildSettings = {
				BUNDLE_LOADER = "$(BUILT_PRODUCTS_DIR)/WWDC2014_221.app/WWDC2014_221";
				FRAMEWORK_SEARCH_PATHS = (
					"$(SDKROOT)/Developer/Library/Frameworks",
					"$(inherited)",
					"$(DEVELOPER_FRAMEWORKS_DIR)",
				);
				GCC_PRECOMPILE_PREFIX_HEADER = YES;
				GCC_PREFIX_HEADER = "WWDC2014_221/WWDC2014_221-Prefix.pch";
				GCC_PREPROCESSOR_DEFINITIONS = (
					"DEBUG=1",
					"$(inherited)",
				);
				INFOPLIST_FILE = "WWDC2014_221Tests/WWDC2014_221Tests-Info.plist";
				PRODUCT_NAME = "$(TARGET_NAME)";
				TEST_HOST = "$(BUNDLE_LOADER)";
				WRAPPER_EXTENSION = xctest;
			};
			name = Debug;
		};
		4063508A195FF8A6003FEA09 /* Release */ = {
			isa = XCBuildConfiguration;
			buildSettings = {
				BUNDLE_LOADER = "$(BUILT_PRODUCTS_DIR)/WWDC2014_221.app/WWDC2014_221";
				FRAMEWORK_SEARCH_PATHS = (
					"$(SDKROOT)/Developer/Library/Frameworks",
					"$(inherited)",
					"$(DEVELOPER_FRAMEWORKS_DIR)",
				);
				GCC_PRECOMPILE_PREFIX_HEADER = YES;
				GCC_PREFIX_HEADER = "WWDC2014_221/WWDC2014_221-Prefix.pch";
				INFOPLIST_FILE = "WWDC2014_221Tests/WWDC2014_221Tests-Info.plist";
				PRODUCT_NAME = "$(TARGET_NAME)";
				TEST_HOST = "$(BUNDLE_LOADER)";
				WRAPPER_EXTENSION = xctest;
			};
			name = Release;
		};
/* End XCBuildConfiguration section */

/* Begin XCConfigurationList section */
		40635048195FF8A6003FEA09 /* Build configuration list for PBXProject "WWDC2014_221" */ = {
			isa = XCConfigurationList;
			buildConfigurations = (
				40635083195FF8A6003FEA09 /* Debug */,
				40635084195FF8A6003FEA09 /* Release */,
			);
			defaultConfigurationIsVisible = 0;
			defaultConfigurationName = Release;
		};
		40635085195FF8A6003FEA09 /* Build configuration list for PBXNativeTarget "WWDC2014_221" */ = {
			isa = XCConfigurationList;
			buildConfigurations = (
				40635086195FF8A6003FEA09 /* Debug */,
				40635087195FF8A6003FEA09 /* Release */,
			);
			defaultConfigurationIsVisible = 0;
			defaultConfigurationName = Release;
		};
		40635088195FF8A6003FEA09 /* Build configuration list for PBXNativeTarget "WWDC2014_221Tests" */ = {
			isa = XCConfigurationList;
			buildConfigurations = (
				40635089195FF8A6003FEA09 /* Debug */,
				4063508A195FF8A6003FEA09 /* Release */,
			);
			defaultConfigurationIsVisible = 0;
			defaultConfigurationName = Release;
		};
/* End XCConfigurationList section */
	};
	rootObject = 40635045195FF8A6003FEA09 /* Project object */;
}
